<Solution>
  <Folder Name="/Solution Items/">
    <File Path=".editorconfig" />
    <File Path=".gitattributes" />
    <File Path=".gitignore" />
    <File Path="README.md" />
  </Folder>
  <Project Path="AI-IDE-Avalonia/AI-IDE-Avalonia.csproj" />
  <Project Path="AI-IDE-Avalonia.Tests/AI-IDE-Avalonia.Tests.csproj" />
</Solution>
